// !$*UTF8*$!
{
	archiveVersion = 1;
	classes = {
	};
	objectVersion = 46;
	objects = {

/* Begin PBXBuildFile section */
		92450BA0176FA37C002523DD /* SKYBackgroundView.m in Sources */ = {isa = PBXBuildFile; fileRef = 92450B9F176FA37C002523DD /* SKYBackgroundView.m */; };
		92720F7B176F5CE800419BBD /* Cocoa.framework in Frameworks */ = {isa = PBXBuildFile; fileRef = 92720F7A176F5CE800419BBD /* Cocoa.framework */; };
		92720F85176F5CE800419BBD /* InfoPlist.strings in Resources */ = {isa = PBXBuildFile; fileRef = 92720F83176F5CE800419BBD /* InfoPlist.strings */; };
		92720F87176F5CE800419BBD /* main.m in Sources */ = {isa = PBXBuildFile; fileRef = 92720F86176F5CE800419BBD /* main.m */; };
		92720F8B176F5CE900419BBD /* Credits.rtf in Resources */ = {isa = PBXBuildFile; fileRef = 92720F89176F5CE900419BBD /* Credits.rtf */; };
		92720F8E176F5CE900419BBD /* SKYAppDelegate.m in Sources */ = {isa = PBXBuildFile; fileRef = 92720F8D176F5CE900419BBD /* SKYAppDelegate.m */; };
		92720F91176F5CEA00419BBD /* MainMenu.xib in Resources */ = {isa = PBXBuildFile; fileRef = 92720F8F176F5CEA00419BBD /* MainMenu.xib */; };
		92720F99176F5CEA00419BBD /* SenTestingKit.framework in Frameworks */ = {isa = PBXBuildFile; fileRef = 92720F98176F5CEA00419BBD /* SenTestingKit.framework */; };
		92720F9A176F5CEA00419BBD /* Cocoa.framework in Frameworks */ = {isa = PBXBuildFile; fileRef = 92720F7A176F5CE800419BBD /* Cocoa.framework */; };
		92720FA2176F5CEA00419BBD /* InfoPlist.strings in Resources */ = {isa = PBXBuildFile; fileRef = 92720FA0176F5CEA00419BBD /* InfoPlist.strings */; };
		92720FA5176F5CEA00419BBD /* SkyconsTests.m in Sources */ = {isa = PBXBuildFile; fileRef = 92720FA4176F5CEA00419BBD /* SkyconsTests.m */; };
		92720FB0176F5DA100419BBD /* SKYIconView.m in Sources */ = {isa = PBXBuildFile; fileRef = 92720FAF176F5DA100419BBD /* SKYIconView.m */; };
		92720FB3176F5E8100419BBD /* SKYSunView.m in Sources */ = {isa = PBXBuildFile; fileRef = 92720FB2176F5E8100419BBD /* SKYSunView.m */; };
/* End PBXBuildFile section */

/* Begin PBXContainerItemProxy section */
		92720F9B176F5CEA00419BBD /* PBXContainerItemProxy */ = {
			isa = PBXContainerItemProxy;
			containerPortal = 92720F6F176F5CE800419BBD /* Project object */;
			proxyType = 1;
			remoteGlobalIDString = 92720F76176F5CE800419BBD;
			remoteInfo = Skycons;
		};
/* End PBXContainerItemProxy section */

/* Begin PBXFileReference section */
		92450B9E176FA37C002523DD /* SKYBackgroundView.h */ = {isa = PBXFileReference; fileEncoding = 4; lastKnownFileType = sourcecode.c.h; path = SKYBackgroundView.h; sourceTree = "<group>"; };
		92450B9F176FA37C002523DD /* SKYBackgroundView.m */ = {isa = PBXFileReference; fileEncoding = 4; lastKnownFileType = sourcecode.c.objc; path = SKYBackgroundView.m; sourceTree = "<group>"; };
		92720F77176F5CE800419BBD /* Skycons.app */ = {isa = PBXFileReference; explicitFileType = wrapper.application; includeInIndex = 0; path = Skycons.app; sourceTree = BUILT_PRODUCTS_DIR; };
		92720F7A176F5CE800419BBD /* Cocoa.framework */ = {isa = PBXFileReference; lastKnownFileType = wrapper.framework; name = Cocoa.framework; path = System/Library/Frameworks/Cocoa.framework; sourceTree = SDKROOT; };
		92720F7D176F5CE800419BBD /* AppKit.framework */ = {isa = PBXFileReference; lastKnownFileType = wrapper.framework; name = AppKit.framework; path = System/Library/Frameworks/AppKit.framework; sourceTree = SDKROOT; };
		92720F7E176F5CE800419BBD /* CoreData.framework */ = {isa = PBXFileReference; lastKnownFileType = wrapper.framework; name = CoreData.framework; path = System/Library/Frameworks/CoreData.framework; sourceTree = SDKROOT; };
		92720F7F176F5CE800419BBD /* Foundation.framework */ = {isa = PBXFileReference; lastKnownFileType = wrapper.framework; name = Foundation.framework; path = System/Library/Frameworks/Foundation.framework; sourceTree = SDKROOT; };
		92720F82176F5CE800419BBD /* Skycons-Info.plist */ = {isa = PBXFileReference; lastKnownFileType = text.plist.xml; path = "Skycons-Info.plist"; sourceTree = "<group>"; };
		92720F84176F5CE800419BBD /* en */ = {isa = PBXFileReference; lastKnownFileType = text.plist.strings; name = en; path = en.lproj/InfoPlist.strings; sourceTree = "<group>"; };
		92720F86176F5CE800419BBD /* main.m */ = {isa = PBXFileReference; lastKnownFileType = sourcecode.c.objc; path = main.m; sourceTree = "<group>"; };
		92720F88176F5CE800419BBD /* Skycons-Prefix.pch */ = {isa = PBXFileReference; lastKnownFileType = sourcecode.c.h; path = "Skycons-Prefix.pch"; sourceTree = "<group>"; };
		92720F8A176F5CE900419BBD /* en */ = {isa = PBXFileReference; lastKnownFileType = text.rtf; name = en; path = en.lproj/Credits.rtf; sourceTree = "<group>"; };
		92720F8C176F5CE900419BBD /* SKYAppDelegate.h */ = {isa = PBXFileReference; lastKnownFileType = sourcecode.c.h; path = SKYAppDelegate.h; sourceTree = "<group>"; };
		92720F8D176F5CE900419BBD /* SKYAppDelegate.m */ = {isa = PBXFileReference; lastKnownFileType = sourcecode.c.objc; path = SKYAppDelegate.m; sourceTree = "<group>"; };
		92720F90176F5CEA00419BBD /* en */ = {isa = PBXFileReference; lastKnownFileType = file.xib; name = en; path = en.lproj/MainMenu.xib; sourceTree = "<group>"; };
		92720F97176F5CEA00419BBD /* SkyconsTests.octest */ = {isa = PBXFileReference; explicitFileType = wrapper.cfbundle; includeInIndex = 0; path = SkyconsTests.octest; sourceTree = BUILT_PRODUCTS_DIR; };
		92720F98176F5CEA00419BBD /* SenTestingKit.framework */ = {isa = PBXFileReference; lastKnownFileType = wrapper.framework; name = SenTestingKit.framework; path = Library/Frameworks/SenTestingKit.framework; sourceTree = DEVELOPER_DIR; };
		92720F9F176F5CEA00419BBD /* SkyconsTests-Info.plist */ = {isa = PBXFileReference; lastKnownFileType = text.plist.xml; path = "SkyconsTests-Info.plist"; sourceTree = "<group>"; };
		92720FA1176F5CEA00419BBD /* en */ = {isa = PBXFileReference; lastKnownFileType = text.plist.strings; name = en; path = en.lproj/InfoPlist.strings; sourceTree = "<group>"; };
		92720FA3176F5CEA00419BBD /* SkyconsTests.h */ = {isa = PBXFileReference; lastKnownFileType = sourcecode.c.h; path = SkyconsTests.h; sourceTree = "<group>"; };
		92720FA4176F5CEA00419BBD /* SkyconsTests.m */ = {isa = PBXFileReference; lastKnownFileType = sourcecode.c.objc; path = SkyconsTests.m; sourceTree = "<group>"; };
		92720FAE176F5DA100419BBD /* SKYIconView.h */ = {isa = PBXFileReference; fileEncoding = 4; lastKnownFileType = sourcecode.c.h; path = SKYIconView.h; sourceTree = "<group>"; };
		92720FAF176F5DA100419BBD /* SKYIconView.m */ = {isa = PBXFileReference; fileEncoding = 4; lastKnownFileType = sourcecode.c.objc; path = SKYIconView.m; sourceTree = "<group>"; };
		92720FB1176F5E8100419BBD /* SKYSunView.h */ = {isa = PBXFileReference; fileEncoding = 4; lastKnownFileType = sourcecode.c.h; path = SKYSunView.h; sourceTree = "<group>"; };
		92720FB2176F5E8100419BBD /* SKYSunView.m */ = {isa = PBXFileReference; fileEncoding = 4; lastKnownFileType = sourcecode.c.objc; path = SKYSunView.m; sourceTree = "<group>"; };
/* End PBXFileReference section */

/* Begin PBXFrameworksBuildPhase section */
		92720F74176F5CE800419BBD /* Frameworks */ = {
			isa = PBXFrameworksBuildPhase;
			buildActionMask = 2147483647;
			files = (
				92720F7B176F5CE800419BBD /* Cocoa.framework in Frameworks */,
			);
			runOnlyForDeploymentPostprocessing = 0;
		};
		92720F93176F5CEA00419BBD /* Frameworks */ = {
			isa = PBXFrameworksBuildPhase;
			buildActionMask = 2147483647;
			files = (
				92720F99176F5CEA00419BBD /* SenTestingKit.framework in Frameworks */,
				92720F9A176F5CEA00419BBD /* Cocoa.framework in Frameworks */,
			);
			runOnlyForDeploymentPostprocessing = 0;
		};
/* End PBXFrameworksBuildPhase section */

/* Begin PBXGroup section */
		92720F6E176F5CE800419BBD = {
			isa = PBXGroup;
			children = (
				92720F80176F5CE800419BBD /* Skycons */,
				92720F9D176F5CEA00419BBD /* SkyconsTests */,
				92720F79176F5CE800419BBD /* Frameworks */,
				92720F78176F5CE800419BBD /* Products */,
			);
			sourceTree = "<group>";
		};
		92720F78176F5CE800419BBD /* Products */ = {
			isa = PBXGroup;
			children = (
				92720F77176F5CE800419BBD /* Skycons.app */,
				92720F97176F5CEA00419BBD /* SkyconsTests.octest */,
			);
			name = Products;
			sourceTree = "<group>";
		};
		92720F79176F5CE800419BBD /* Frameworks */ = {
			isa = PBXGroup;
			children = (
				92720F7A176F5CE800419BBD /* Cocoa.framework */,
				92720F98176F5CEA00419BBD /* SenTestingKit.framework */,
				92720F7C176F5CE800419BBD /* Other Frameworks */,
			);
			name = Frameworks;
			sourceTree = "<group>";
		};
		92720F7C176F5CE800419BBD /* Other Frameworks */ = {
			isa = PBXGroup;
			children = (
				92720F7D176F5CE800419BBD /* AppKit.framework */,
				92720F7E176F5CE800419BBD /* CoreData.framework */,
				92720F7F176F5CE800419BBD /* Foundation.framework */,
			);
			name = "Other Frameworks";
			sourceTree = "<group>";
		};
		92720F80176F5CE800419BBD /* Skycons */ = {
			isa = PBXGroup;
			children = (
				92720F8C176F5CE900419BBD /* SKYAppDelegate.h */,
				92720F8D176F5CE900419BBD /* SKYAppDelegate.m */,
				92450B9E176FA37C002523DD /* SKYBackgroundView.h */,
				92450B9F176FA37C002523DD /* SKYBackgroundView.m */,
				92720FAE176F5DA100419BBD /* SKYIconView.h */,
				92720FAF176F5DA100419BBD /* SKYIconView.m */,
				92720F8F176F5CEA00419BBD /* MainMenu.xib */,
				92720F81176F5CE800419BBD /* Supporting Files */,
				92720FB1176F5E8100419BBD /* SKYSunView.h */,
				92720FB2176F5E8100419BBD /* SKYSunView.m */,
			);
			path = Skycons;
			sourceTree = "<group>";
		};
		92720F81176F5CE800419BBD /* Supporting Files */ = {
			isa = PBXGroup;
			children = (
				92720F82176F5CE800419BBD /* Skycons-Info.plist */,
				92720F83176F5CE800419BBD /* InfoPlist.strings */,
				92720F86176F5CE800419BBD /* main.m */,
				92720F88176F5CE800419BBD /* Skycons-Prefix.pch */,
				92720F89176F5CE900419BBD /* Credits.rtf */,
			);
			name = "Supporting Files";
			sourceTree = "<group>";
		};
		92720F9D176F5CEA00419BBD /* SkyconsTests */ = {
			isa = PBXGroup;
			children = (
				92720FA3176F5CEA00419BBD /* SkyconsTests.h */,
				92720FA4176F5CEA00419BBD /* SkyconsTests.m */,
				92720F9E176F5CEA00419BBD /* Supporting Files */,
			);
			path = SkyconsTests;
			sourceTree = "<group>";
		};
		92720F9E176F5CEA00419BBD /* Supporting Files */ = {
			isa = PBXGroup;
			children = (
				92720F9F176F5CEA00419BBD /* SkyconsTests-Info.plist */,
				92720FA0176F5CEA00419BBD /* InfoPlist.strings */,
			);
			name = "Supporting Files";
			sourceTree = "<group>";
		};
/* End PBXGroup section */

/* Begin PBXNativeTarget section */
		92720F76176F5CE800419BBD /* Skycons */ = {
			isa = PBXNativeTarget;
			buildConfigurationList = 92720FA8176F5CEA00419BBD /* Build configuration list for PBXNativeTarget "Skycons" */;
			buildPhases = (
				92720F73176F5CE800419BBD /* Sources */,
				92720F74176F5CE800419BBD /* Frameworks */,
				92720F75176F5CE800419BBD /* Resources */,
			);
			buildRules = (
			);
			dependencies = (
			);
			name = Skycons;
			productName = Skycons;
			productReference = 92720F77176F5CE800419BBD /* Skycons.app */;
			productType = "com.apple.product-type.application";
		};
		92720F96176F5CEA00419BBD /* SkyconsTests */ = {
			isa = PBXNativeTarget;
			buildConfigurationList = 92720FAB176F5CEA00419BBD /* Build configuration list for PBXNativeTarget "SkyconsTests" */;
			buildPhases = (
				92720F92176F5CEA00419BBD /* Sources */,
				92720F93176F5CEA00419BBD /* Frameworks */,
				92720F94176F5CEA00419BBD /* Resources */,
				92720F95176F5CEA00419BBD /* ShellScript */,
			);
			buildRules = (
			);
			dependencies = (
				92720F9C176F5CEA00419BBD /* PBXTargetDependency */,
			);
			name = SkyconsTests;
			productName = SkyconsTests;
			productReference = 92720F97176F5CEA00419BBD /* SkyconsTests.octest */;
			productType = "com.apple.product-type.bundle";
		};
/* End PBXNativeTarget section */

/* Begin PBXProject section */
		92720F6F176F5CE800419BBD /* Project object */ = {
			isa = PBXProject;
			attributes = {
				CLASSPREFIX = SKY;
				LastUpgradeCheck = 0460;
				ORGANIZATIONNAME = "Zach Waugh";
			};
			buildConfigurationList = 92720F72176F5CE800419BBD /* Build configuration list for PBXProject "Skycons" */;
			compatibilityVersion = "Xcode 3.2";
			developmentRegion = English;
			hasScannedForEncodings = 0;
			knownRegions = (
				en,
			);
			mainGroup = 92720F6E176F5CE800419BBD;
			productRefGroup = 92720F78176F5CE800419BBD /* Products */;
			projectDirPath = "";
			projectRoot = "";
			targets = (
				92720F76176F5CE800419BBD /* Skycons */,
				92720F96176F5CEA00419BBD /* SkyconsTests */,
			);
		};
/* End PBXProject section */

/* Begin PBXResourcesBuildPhase section */
		92720F75176F5CE800419BBD /* Resources */ = {
			isa = PBXResourcesBuildPhase;
			buildActionMask = 2147483647;
			files = (
				92720F85176F5CE800419BBD /* InfoPlist.strings in Resources */,
				92720F8B176F5CE900419BBD /* Credits.rtf in Resources */,
				92720F91176F5CEA00419BBD /* MainMenu.xib in Resources */,
			);
			runOnlyForDeploymentPostprocessing = 0;
		};
		92720F94176F5CEA00419BBD /* Resources */ = {
			isa = PBXResourcesBuildPhase;
			buildActionMask = 2147483647;
			files = (
				92720FA2176F5CEA00419BBD /* InfoPlist.strings in Resources */,
			);
			runOnlyForDeploymentPostprocessing = 0;
		};
/* End PBXResourcesBuildPhase section */

/* Begin PBXShellScriptBuildPhase section */
		92720F95176F5CEA00419BBD /* ShellScript */ = {
			isa = PBXShellScriptBuildPhase;
			buildActionMask = 2147483647;
			files = (
			);
			inputPaths = (
			);
			outputPaths = (
			);
			runOnlyForDeploymentPostprocessing = 0;
			shellPath = /bin/sh;
			shellScript = "# Run the unit tests in this test bundle.\n\"${SYSTEM_DEVELOPER_DIR}/Tools/RunUnitTests\"\n";
		};
/* End PBXShellScriptBuildPhase section */

/* Begin PBXSourcesBuildPhase section */
		92720F73176F5CE800419BBD /* Sources */ = {
			isa = PBXSourcesBuildPhase;
			buildActionMask = 2147483647;
			files = (
				92720F87176F5CE800419BBD /* main.m in Sources */,
				92720F8E176F5CE900419BBD /* SKYAppDelegate.m in Sources */,
				92720FB0176F5DA100419BBD /* SKYIconView.m in Sources */,
				92720FB3176F5E8100419BBD /* SKYSunView.m in Sources */,
				92450BA0176FA37C002523DD /* SKYBackgroundView.m in Sources */,
			);
			runOnlyForDeploymentPostprocessing = 0;
		};
		92720F92176F5CEA00419BBD /* Sources */ = {
			isa = PBXSourcesBuildPhase;
			buildActionMask = 2147483647;
			files = (
				92720FA5176F5CEA00419BBD /* SkyconsTests.m in Sources */,
			);
			runOnlyForDeploymentPostprocessing = 0;
		};
/* End PBXSourcesBuildPhase section */

/* Begin PBXTargetDependency section */
		92720F9C176F5CEA00419BBD /* PBXTargetDependency */ = {
			isa = PBXTargetDependency;
			target = 92720F76176F5CE800419BBD /* Skycons */;
			targetProxy = 92720F9B176F5CEA00419BBD /* PBXContainerItemProxy */;
		};
/* End PBXTargetDependency section */

/* Begin PBXVariantGroup section */
		92720F83176F5CE800419BBD /* InfoPlist.strings */ = {
			isa = PBXVariantGroup;
			children = (
				92720F84176F5CE800419BBD /* en */,
			);
			name = InfoPlist.strings;
			sourceTree = "<group>";
		};
		92720F89176F5CE900419BBD /* Credits.rtf */ = {
			isa = PBXVariantGroup;
			children = (
				92720F8A176F5CE900419BBD /* en */,
			);
			name = Credits.rtf;
			sourceTree = "<group>";
		};
		92720F8F176F5CEA00419BBD /* MainMenu.xib */ = {
			isa = PBXVariantGroup;
			children = (
				92720F90176F5CEA00419BBD /* en */,
			);
			name = MainMenu.xib;
			sourceTree = "<group>";
		};
		92720FA0176F5CEA00419BBD /* InfoPlist.strings */ = {
			isa = PBXVariantGroup;
			children = (
				92720FA1176F5CEA00419BBD /* en */,
			);
			name = InfoPlist.strings;
			sourceTree = "<group>";
		};
/* End PBXVariantGroup section */

/* Begin XCBuildConfiguration section */
		92720FA6176F5CEA00419BBD /* Debug */ = {
			isa = XCBuildConfiguration;
			buildSettings = {
				ALWAYS_SEARCH_USER_PATHS = NO;
				ARCHS = "$(ARCHS_STANDARD_64_BIT)";
				CLANG_CXX_LANGUAGE_STANDARD = "gnu++0x";
				CLANG_CXX_LIBRARY = "libc++";
				CLANG_ENABLE_OBJC_ARC = YES;
				CLANG_WARN_CONSTANT_CONVERSION = YES;
				CLANG_WARN_EMPTY_BODY = YES;
				CLANG_WARN_ENUM_CONVERSION = YES;
				CLANG_WARN_INT_CONVERSION = YES;
				CLANG_WARN__DUPLICATE_METHOD_MATCH = YES;
				COPY_PHASE_STRIP = NO;
				GCC_C_LANGUAGE_STANDARD = gnu99;
				GCC_DYNAMIC_NO_PIC = NO;
				GCC_ENABLE_OBJC_EXCEPTIONS = YES;
				GCC_OPTIMIZATION_LEVEL = 0;
				GCC_PREPROCESSOR_DEFINITIONS = (
					"DEBUG=1",
					"$(inherited)",
				);
				GCC_SYMBOLS_PRIVATE_EXTERN = NO;
				GCC_WARN_64_TO_32_BIT_CONVERSION = YES;
				GCC_WARN_ABOUT_RETURN_TYPE = YES;
				GCC_WARN_UNINITIALIZED_AUTOS = YES;
				GCC_WARN_UNUSED_VARIABLE = YES;
				MACOSX_DEPLOYMENT_TARGET = 10.8;
				ONLY_ACTIVE_ARCH = YES;
				SDKROOT = macosx;
			};
			name = Debug;
		};
		92720FA7176F5CEA00419BBD /* Release */ = {
			isa = XCBuildConfiguration;
			buildSettings = {
				ALWAYS_SEARCH_USER_PATHS = NO;
				ARCHS = "$(ARCHS_STANDARD_64_BIT)";
				CLANG_CXX_LANGUAGE_STANDARD = "gnu++0x";
				CLANG_CXX_LIBRARY = "libc++";
				CLANG_ENABLE_OBJC_ARC = YES;
				CLANG_WARN_CONSTANT_CONVERSION = YES;
				CLANG_WARN_EMPTY_BODY = YES;
				CLANG_WARN_ENUM_CONVERSION = YES;
				CLANG_WARN_INT_CONVERSION = YES;
				CLANG_WARN__DUPLICATE_METHOD_MATCH = YES;
				COPY_PHASE_STRIP = YES;
				DEBUG_INFORMATION_FORMAT = "dwarf-with-dsym";
				GCC_C_LANGUAGE_STANDARD = gnu99;
				GCC_ENABLE_OBJC_EXCEPTIONS = YES;
				GCC_WARN_64_TO_32_BIT_CONVERSION = YES;
				GCC_WARN_ABOUT_RETURN_TYPE = YES;
				GCC_WARN_UNINITIALIZED_AUTOS = YES;
				GCC_WARN_UNUSED_VARIABLE = YES;
				MACOSX_DEPLOYMENT_TARGET = 10.8;
				SDKROOT = macosx;
			};
			name = Release;
		};
		92720FA9176F5CEA00419BBD /* Debug */ = {
			isa = XCBuildConfiguration;
			buildSettings = {
				COMBINE_HIDPI_IMAGES = YES;
				GCC_PRECOMPILE_PREFIX_HEADER = YES;
				GCC_PREFIX_HEADER = "Skycons/Skycons-Prefix.pch";
				INFOPLIST_FILE = "Skycons/Skycons-Info.plist";
				PRODUCT_NAME = "$(TARGET_NAME)";
				WRAPPER_EXTENSION = app;
			};
			name = Debug;
		};
		92720FAA176F5CEA00419BBD /* Release */ = {
			isa = XCBuildConfiguration;
			buildSettings = {
				COMBINE_HIDPI_IMAGES = YES;
				GCC_PRECOMPILE_PREFIX_HEADER = YES;
				GCC_PREFIX_HEADER = "Skycons/Skycons-Prefix.pch";
				INFOPLIST_FILE = "Skycons/Skycons-Info.plist";
				PRODUCT_NAME = "$(TARGET_NAME)";
				WRAPPER_EXTENSION = app;
			};
			name = Release;
		};
		92720FAC176F5CEA00419BBD /* Debug */ = {
			isa = XCBuildConfiguration;
			buildSettings = {
				BUNDLE_LOADER = "$(BUILT_PRODUCTS_DIR)/Skycons.app/Contents/MacOS/Skycons";
				COMBINE_HIDPI_IMAGES = YES;
				FRAMEWORK_SEARCH_PATHS = "\"$(DEVELOPER_LIBRARY_DIR)/Frameworks\"";
				GCC_PRECOMPILE_PREFIX_HEADER = YES;
				GCC_PREFIX_HEADER = "Skycons/Skycons-Prefix.pch";
				INFOPLIST_FILE = "SkyconsTests/SkyconsTests-Info.plist";
				PRODUCT_NAME = "$(TARGET_NAME)";
				TEST_HOST = "$(BUNDLE_LOADER)";
				WRAPPER_EXTENSION = octest;
			};
			name = Debug;
		};
		92720FAD176F5CEA00419BBD /* Release */ = {
			isa = XCBuildConfiguration;
			buildSettings = {
				BUNDLE_LOADER = "$(BUILT_PRODUCTS_DIR)/Skycons.app/Contents/MacOS/Skycons";
				COMBINE_HIDPI_IMAGES = YES;
				FRAMEWORK_SEARCH_PATHS = "\"$(DEVELOPER_LIBRARY_DIR)/Frameworks\"";
				GCC_PRECOMPILE_PREFIX_HEADER = YES;
				GCC_PREFIX_HEADER = "Skycons/Skycons-Prefix.pch";
				INFOPLIST_FILE = "SkyconsTests/SkyconsTests-Info.plist";
				PRODUCT_NAME = "$(TARGET_NAME)";
				TEST_HOST = "$(BUNDLE_LOADER)";
				WRAPPER_EXTENSION = octest;
			};
			name = Release;
		};
/* End XCBuildConfiguration section */

/* Begin XCConfigurationList section */
		92720F72176F5CE800419BBD /* Build configuration list for PBXProject "Skycons" */ = {
			isa = XCConfigurationList;
			buildConfigurations = (
				92720FA6176F5CEA00419BBD /* Debug */,
				92720FA7176F5CEA00419BBD /* Release */,
			);
			defaultConfigurationIsVisible = 0;
			defaultConfigurationName = Release;
		};
		92720FA8176F5CEA00419BBD /* Build configuration list for PBXNativeTarget "Skycons" */ = {
			isa = XCConfigurationList;
			buildConfigurations = (
				92720FA9176F5CEA00419BBD /* Debug */,
				92720FAA176F5CEA00419BBD /* Release */,
			);
			defaultConfigurationIsVisible = 0;
			defaultConfigurationName = Release;
		};
		92720FAB176F5CEA00419BBD /* Build configuration list for PBXNativeTarget "SkyconsTests" */ = {
			isa = XCConfigurationList;
			buildConfigurations = (
				92720FAC176F5CEA00419BBD /* Debug */,
				92720FAD176F5CEA00419BBD /* Release */,
			);
			defaultConfigurationIsVisible = 0;
			defaultConfigurationName = Release;
		};
/* End XCConfigurationList section */
	};
	rootObject = 92720F6F176F5CE800419BBD /* Project object */;
}
